{
  "pins" : [
    {
      "identity" : "http-cookie-sync-ios",
      "kind" : "remoteSourceControl",
      "location" : "https://github.com/dmytriigolovanov/http-cookie-sync-ios",
      "state" : {
        "revision" : "960a22050ccf17369b092803e754746e07b06608",
        "version" : "1.1.2"
      }
    }
  ],
  "version" : 2
}
