{
  "pins" : [
    {
      "identity" : "http-cookie-sync-ios",
      "kind" : "remoteSourceControl",
      "location" : "https://github.com/dmytriigolovanov/http-cookie-sync-ios",
      "state" : {
        "revision" : "464810335d7a8a2ba1b15acefa0a2323a6563048",
        "version" : "1.2.0"
      }
    }
  ],
  "version" : 2
}
