// !$*UTF8*$!
{
	archiveVersion = 1;
	classes = {
	};
	objectVersion = 55;
	objects = {

/* Begin PBXBuildFile section */
		B4ED259C2853A6B000B6B7A4 /* HTTPCookieSync.h in Headers */ = {isa = PBXBuildFile; fileRef = B4ED258E2853A6B000B6B7A4 /* HTTPCookieSync.h */; settings = {ATTRIBUTES = (Public, ); }; };
		B4F84B3828552BE400575BF9 /* HTTPCookiePropertyKey+HTTPCookieSync.swift in Sources */ = {isa = PBXBuildFile; fileRef = B4F84B3728552BE400575BF9 /* HTTPCookiePropertyKey+HTTPCookieSync.swift */; };
		B4F84B3A28552C1C00575BF9 /* HTTPCookie+HTTPCookieSync.swift in Sources */ = {isa = PBXBuildFile; fileRef = B4F84B3928552C1C00575BF9 /* HTTPCookie+HTTPCookieSync.swift */; };
		B4F84B3C28552CCE00575BF9 /* HTTPCookieSycnhronizableStorage.swift in Sources */ = {isa = PBXBuildFile; fileRef = B4F84B3B28552CCE00575BF9 /* HTTPCookieSycnhronizableStorage.swift */; };
		B4F84B3E28552D0A00575BF9 /* HTTPCookieStorage+HTTPCookieSync.swift in Sources */ = {isa = PBXBuildFile; fileRef = B4F84B3D28552D0A00575BF9 /* HTTPCookieStorage+HTTPCookieSync.swift */; };
		B4F84B4028552D3B00575BF9 /* WKHTTPCookieStore+HTTPCookieSync.swift in Sources */ = {isa = PBXBuildFile; fileRef = B4F84B3F28552D3B00575BF9 /* WKHTTPCookieStore+HTTPCookieSync.swift */; };
		B4F84B4228552D7D00575BF9 /* HTTPCookieSynchronizer.swift in Sources */ = {isa = PBXBuildFile; fileRef = B4F84B4128552D7D00575BF9 /* HTTPCookieSynchronizer.swift */; };
/* End PBXBuildFile section */

/* Begin PBXFileReference section */
		B4ED258B2853A6B000B6B7A4 /* HTTPCookieSync.framework */ = {isa = PBXFileReference; explicitFileType = wrapper.framework; includeInIndex = 0; path = HTTPCookieSync.framework; sourceTree = BUILT_PRODUCTS_DIR; };
		B4ED258E2853A6B000B6B7A4 /* HTTPCookieSync.h */ = {isa = PBXFileReference; lastKnownFileType = sourcecode.c.h; path = HTTPCookieSync.h; sourceTree = "<group>"; };
		B4F84B3728552BE400575BF9 /* HTTPCookiePropertyKey+HTTPCookieSync.swift */ = {isa = PBXFileReference; lastKnownFileType = sourcecode.swift; path = "HTTPCookiePropertyKey+HTTPCookieSync.swift"; sourceTree = "<group>"; };
		B4F84B3928552C1C00575BF9 /* HTTPCookie+HTTPCookieSync.swift */ = {isa = PBXFileReference; lastKnownFileType = sourcecode.swift; path = "HTTPCookie+HTTPCookieSync.swift"; sourceTree = "<group>"; };
		B4F84B3B28552CCE00575BF9 /* HTTPCookieSycnhronizableStorage.swift */ = {isa = PBXFileReference; lastKnownFileType = sourcecode.swift; path = HTTPCookieSycnhronizableStorage.swift; sourceTree = "<group>"; };
		B4F84B3D28552D0A00575BF9 /* HTTPCookieStorage+HTTPCookieSync.swift */ = {isa = PBXFileReference; lastKnownFileType = sourcecode.swift; path = "HTTPCookieStorage+HTTPCookieSync.swift"; sourceTree = "<group>"; };
		B4F84B3F28552D3B00575BF9 /* WKHTTPCookieStore+HTTPCookieSync.swift */ = {isa = PBXFileReference; lastKnownFileType = sourcecode.swift; path = "WKHTTPCookieStore+HTTPCookieSync.swift"; sourceTree = "<group>"; };
		B4F84B4128552D7D00575BF9 /* HTTPCookieSynchronizer.swift */ = {isa = PBXFileReference; lastKnownFileType = sourcecode.swift; path = HTTPCookieSynchronizer.swift; sourceTree = "<group>"; };
/* End PBXFileReference section */

/* Begin PBXFrameworksBuildPhase section */
		B4ED25882853A6B000B6B7A4 /* Frameworks */ = {
			isa = PBXFrameworksBuildPhase;
			buildActionMask = 2147483647;
			files = (
			);
			runOnlyForDeploymentPostprocessing = 0;
		};
/* End PBXFrameworksBuildPhase section */

/* Begin PBXGroup section */
		B4ED25812853A6B000B6B7A4 = {
			isa = PBXGroup;
			children = (
				B4ED258D2853A6B000B6B7A4 /* HTTPCookieSync */,
				B4ED258C2853A6B000B6B7A4 /* Products */,
			);
			sourceTree = "<group>";
		};
		B4ED258C2853A6B000B6B7A4 /* Products */ = {
			isa = PBXGroup;
			children = (
				B4ED258B2853A6B000B6B7A4 /* HTTPCookieSync.framework */,
			);
			name = Products;
			sourceTree = "<group>";
		};
		B4ED258D2853A6B000B6B7A4 /* HTTPCookieSync */ = {
			isa = PBXGroup;
			children = (
				B4ED25A62853A6C800B6B7A4 /* Sources */,
			);
			path = HTTPCookieSync;
			sourceTree = "<group>";
		};
		B4ED25A52853A6BD00B6B7A4 /* Headers */ = {
			isa = PBXGroup;
			children = (
				B4ED258E2853A6B000B6B7A4 /* HTTPCookieSync.h */,
			);
			path = Headers;
			sourceTree = "<group>";
		};
		B4ED25A62853A6C800B6B7A4 /* Sources */ = {
			isa = PBXGroup;
			children = (
				B4F84B3628552BBE00575BF9 /* Extensions */,
				B4ED25A52853A6BD00B6B7A4 /* Headers */,
				B4F84B3B28552CCE00575BF9 /* HTTPCookieSycnhronizableStorage.swift */,
				B4F84B4128552D7D00575BF9 /* HTTPCookieSynchronizer.swift */,
			);
			path = Sources;
			sourceTree = "<group>";
		};
		B4F84B3628552BBE00575BF9 /* Extensions */ = {
			isa = PBXGroup;
			children = (
				B4F84B3928552C1C00575BF9 /* HTTPCookie+HTTPCookieSync.swift */,
				B4F84B3728552BE400575BF9 /* HTTPCookiePropertyKey+HTTPCookieSync.swift */,
				B4F84B3D28552D0A00575BF9 /* HTTPCookieStorage+HTTPCookieSync.swift */,
				B4F84B3F28552D3B00575BF9 /* WKHTTPCookieStore+HTTPCookieSync.swift */,
			);
			path = Extensions;
			sourceTree = "<group>";
		};
/* End PBXGroup section */

/* Begin PBXHeadersBuildPhase section */
		B4ED25862853A6B000B6B7A4 /* Headers */ = {
			isa = PBXHeadersBuildPhase;
			buildActionMask = 2147483647;
			files = (
				B4ED259C2853A6B000B6B7A4 /* HTTPCookieSync.h in Headers */,
			);
			runOnlyForDeploymentPostprocessing = 0;
		};
/* End PBXHeadersBuildPhase section */

/* Begin PBXNativeTarget section */
		B4ED258A2853A6B000B6B7A4 /* HTTPCookieSync */ = {
			isa = PBXNativeTarget;
			buildConfigurationList = B4ED259F2853A6B000B6B7A4 /* Build configuration list for PBXNativeTarget "HTTPCookieSync" */;
			buildPhases = (
				B4ED25862853A6B000B6B7A4 /* Headers */,
				B4F84B332854F19700575BF9 /* SwiftLint */,
				B4ED25872853A6B000B6B7A4 /* Sources */,
				B4ED25882853A6B000B6B7A4 /* Frameworks */,
				B4ED25892853A6B000B6B7A4 /* Resources */,
			);
			buildRules = (
			);
			dependencies = (
			);
			name = HTTPCookieSync;
			productName = HTTPCookieSync;
			productReference = B4ED258B2853A6B000B6B7A4 /* HTTPCookieSync.framework */;
			productType = "com.apple.product-type.framework";
		};
/* End PBXNativeTarget section */

/* Begin PBXProject section */
		B4ED25822853A6B000B6B7A4 /* Project object */ = {
			isa = PBXProject;
			attributes = {
				BuildIndependentTargetsInParallel = 1;
				LastSwiftUpdateCheck = 1340;
				LastUpgradeCheck = 1340;
				TargetAttributes = {
					B4ED258A2853A6B000B6B7A4 = {
						CreatedOnToolsVersion = 13.4;
						LastSwiftMigration = 1340;
					};
				};
			};
			buildConfigurationList = B4ED25852853A6B000B6B7A4 /* Build configuration list for PBXProject "HTTPCookieSync" */;
			compatibilityVersion = "Xcode 13.0";
			developmentRegion = en;
			hasScannedForEncodings = 0;
			knownRegions = (
				en,
				Base,
			);
			mainGroup = B4ED25812853A6B000B6B7A4;
			productRefGroup = B4ED258C2853A6B000B6B7A4 /* Products */;
			projectDirPath = "";
			projectRoot = "";
			targets = (
				B4ED258A2853A6B000B6B7A4 /* HTTPCookieSync */,
			);
		};
/* End PBXProject section */

/* Begin PBXResourcesBuildPhase section */
		B4ED25892853A6B000B6B7A4 /* Resources */ = {
			isa = PBXResourcesBuildPhase;
			buildActionMask = 2147483647;
			files = (
			);
			runOnlyForDeploymentPostprocessing = 0;
		};
/* End PBXResourcesBuildPhase section */

/* Begin PBXShellScriptBuildPhase section */
		B4F84B332854F19700575BF9 /* SwiftLint */ = {
			isa = PBXShellScriptBuildPhase;
			buildActionMask = 2147483647;
			files = (
			);
			inputFileListPaths = (
			);
			inputPaths = (
			);
			name = SwiftLint;
			outputFileListPaths = (
			);
			outputPaths = (
			);
			runOnlyForDeploymentPostprocessing = 0;
			shellPath = /bin/sh;
			shellScript = "if which swiftlint > /dev/null; then\n    swiftlint\nelse\n    echo \"warning: Swiftlint not installed, use 'brew install swiftlint' to install\"\nfi\n";
		};
/* End PBXShellScriptBuildPhase section */

/* Begin PBXSourcesBuildPhase section */
		B4ED25872853A6B000B6B7A4 /* Sources */ = {
			isa = PBXSourcesBuildPhase;
			buildActionMask = 2147483647;
			files = (
				B4F84B3C28552CCE00575BF9 /* HTTPCookieSycnhronizableStorage.swift in Sources */,
				B4F84B4228552D7D00575BF9 /* HTTPCookieSynchronizer.swift in Sources */,
				B4F84B3A28552C1C00575BF9 /* HTTPCookie+HTTPCookieSync.swift in Sources */,
				B4F84B4028552D3B00575BF9 /* WKHTTPCookieStore+HTTPCookieSync.swift in Sources */,
				B4F84B3E28552D0A00575BF9 /* HTTPCookieStorage+HTTPCookieSync.swift in Sources */,
				B4F84B3828552BE400575BF9 /* HTTPCookiePropertyKey+HTTPCookieSync.swift in Sources */,
			);
			runOnlyForDeploymentPostprocessing = 0;
		};
/* End PBXSourcesBuildPhase section */

/* Begin XCBuildConfiguration section */
		B4ED259D2853A6B000B6B7A4 /* Debug */ = {
			isa = XCBuildConfiguration;
			buildSettings = {
				ALWAYS_SEARCH_USER_PATHS = NO;
				CLANG_ANALYZER_NONNULL = YES;
				CLANG_ANALYZER_NUMBER_OBJECT_CONVERSION = YES_AGGRESSIVE;
				CLANG_CXX_LANGUAGE_STANDARD = "gnu++17";
				CLANG_ENABLE_MODULES = YES;
				CLANG_ENABLE_OBJC_ARC = YES;
				CLANG_ENABLE_OBJC_WEAK = YES;
				CLANG_WARN_BLOCK_CAPTURE_AUTORELEASING = YES;
				CLANG_WARN_BOOL_CONVERSION = YES;
				CLANG_WARN_COMMA = YES;
				CLANG_WARN_CONSTANT_CONVERSION = YES;
				CLANG_WARN_DEPRECATED_OBJC_IMPLEMENTATIONS = YES;
				CLANG_WARN_DIRECT_OBJC_ISA_USAGE = YES_ERROR;
				CLANG_WARN_DOCUMENTATION_COMMENTS = YES;
				CLANG_WARN_EMPTY_BODY = YES;
				CLANG_WARN_ENUM_CONVERSION = YES;
				CLANG_WARN_INFINITE_RECURSION = YES;
				CLANG_WARN_INT_CONVERSION = YES;
				CLANG_WARN_NON_LITERAL_NULL_CONVERSION = YES;
				CLANG_WARN_OBJC_IMPLICIT_RETAIN_SELF = YES;
				CLANG_WARN_OBJC_LITERAL_CONVERSION = YES;
				CLANG_WARN_OBJC_ROOT_CLASS = YES_ERROR;
				CLANG_WARN_QUOTED_INCLUDE_IN_FRAMEWORK_HEADER = YES;
				CLANG_WARN_RANGE_LOOP_ANALYSIS = YES;
				CLANG_WARN_STRICT_PROTOTYPES = YES;
				CLANG_WARN_SUSPICIOUS_MOVE = YES;
				CLANG_WARN_UNGUARDED_AVAILABILITY = YES_AGGRESSIVE;
				CLANG_WARN_UNREACHABLE_CODE = YES;
				CLANG_WARN__DUPLICATE_METHOD_MATCH = YES;
				COPY_PHASE_STRIP = NO;
				CURRENT_PROJECT_VERSION = 1;
				DEBUG_INFORMATION_FORMAT = dwarf;
				ENABLE_STRICT_OBJC_MSGSEND = YES;
				ENABLE_TESTABILITY = YES;
				GCC_C_LANGUAGE_STANDARD = gnu11;
				GCC_DYNAMIC_NO_PIC = NO;
				GCC_NO_COMMON_BLOCKS = YES;
				GCC_OPTIMIZATION_LEVEL = 0;
				GCC_PREPROCESSOR_DEFINITIONS = (
					"DEBUG=1",
					"$(inherited)",
				);
				GCC_WARN_64_TO_32_BIT_CONVERSION = YES;
				GCC_WARN_ABOUT_RETURN_TYPE = YES_ERROR;
				GCC_WARN_UNDECLARED_SELECTOR = YES;
				GCC_WARN_UNINITIALIZED_AUTOS = YES_AGGRESSIVE;
				GCC_WARN_UNUSED_FUNCTION = YES;
				GCC_WARN_UNUSED_VARIABLE = YES;
				IPHONEOS_DEPLOYMENT_TARGET = 11.0;
				MTL_ENABLE_DEBUG_INFO = INCLUDE_SOURCE;
				MTL_FAST_MATH = YES;
				ONLY_ACTIVE_ARCH = YES;
				SDKROOT = iphoneos;
				SWIFT_ACTIVE_COMPILATION_CONDITIONS = DEBUG;
				SWIFT_OPTIMIZATION_LEVEL = "-Onone";
				VERSIONING_SYSTEM = "apple-generic";
				VERSION_INFO_PREFIX = "";
			};
			name = Debug;
		};
		B4ED259E2853A6B000B6B7A4 /* Release */ = {
			isa = XCBuildConfiguration;
			buildSettings = {
				ALWAYS_SEARCH_USER_PATHS = NO;
				CLANG_ANALYZER_NONNULL = YES;
				CLANG_ANALYZER_NUMBER_OBJECT_CONVERSION = YES_AGGRESSIVE;
				CLANG_CXX_LANGUAGE_STANDARD = "gnu++17";
				CLANG_ENABLE_MODULES = YES;
				CLANG_ENABLE_OBJC_ARC = YES;
				CLANG_ENABLE_OBJC_WEAK = YES;
				CLANG_WARN_BLOCK_CAPTURE_AUTORELEASING = YES;
				CLANG_WARN_BOOL_CONVERSION = YES;
				CLANG_WARN_COMMA = YES;
				CLANG_WARN_CONSTANT_CONVERSION = YES;
				CLANG_WARN_DEPRECATED_OBJC_IMPLEMENTATIONS = YES;
				CLANG_WARN_DIRECT_OBJC_ISA_USAGE = YES_ERROR;
				CLANG_WARN_DOCUMENTATION_COMMENTS = YES;
				CLANG_WARN_EMPTY_BODY = YES;
				CLANG_WARN_ENUM_CONVERSION = YES;
				CLANG_WARN_INFINITE_RECURSION = YES;
				CLANG_WARN_INT_CONVERSION = YES;
				CLANG_WARN_NON_LITERAL_NULL_CONVERSION = YES;
				CLANG_WARN_OBJC_IMPLICIT_RETAIN_SELF = YES;
				CLANG_WARN_OBJC_LITERAL_CONVERSION = YES;
				CLANG_WARN_OBJC_ROOT_CLASS = YES_ERROR;
				CLANG_WARN_QUOTED_INCLUDE_IN_FRAMEWORK_HEADER = YES;
				CLANG_WARN_RANGE_LOOP_ANALYSIS = YES;
				CLANG_WARN_STRICT_PROTOTYPES = YES;
				CLANG_WARN_SUSPICIOUS_MOVE = YES;
				CLANG_WARN_UNGUARDED_AVAILABILITY = YES_AGGRESSIVE;
				CLANG_WARN_UNREACHABLE_CODE = YES;
				CLANG_WARN__DUPLICATE_METHOD_MATCH = YES;
				COPY_PHASE_STRIP = NO;
				CURRENT_PROJECT_VERSION = 1;
				DEBUG_INFORMATION_FORMAT = "dwarf-with-dsym";
				ENABLE_NS_ASSERTIONS = NO;
				ENABLE_STRICT_OBJC_MSGSEND = YES;
				GCC_C_LANGUAGE_STANDARD = gnu11;
				GCC_NO_COMMON_BLOCKS = YES;
				GCC_WARN_64_TO_32_BIT_CONVERSION = YES;
				GCC_WARN_ABOUT_RETURN_TYPE = YES_ERROR;
				GCC_WARN_UNDECLARED_SELECTOR = YES;
				GCC_WARN_UNINITIALIZED_AUTOS = YES_AGGRESSIVE;
				GCC_WARN_UNUSED_FUNCTION = YES;
				GCC_WARN_UNUSED_VARIABLE = YES;
				IPHONEOS_DEPLOYMENT_TARGET = 11.0;
				MTL_ENABLE_DEBUG_INFO = NO;
				MTL_FAST_MATH = YES;
				SDKROOT = iphoneos;
				SWIFT_COMPILATION_MODE = wholemodule;
				SWIFT_OPTIMIZATION_LEVEL = "-O";
				VALIDATE_PRODUCT = YES;
				VERSIONING_SYSTEM = "apple-generic";
				VERSION_INFO_PREFIX = "";
			};
			name = Release;
		};
		B4ED25A02853A6B000B6B7A4 /* Debug */ = {
			isa = XCBuildConfiguration;
			buildSettings = {
				CLANG_ENABLE_MODULES = YES;
				CODE_SIGN_STYLE = Automatic;
				CURRENT_PROJECT_VERSION = 1;
				DEFINES_MODULE = YES;
				DYLIB_COMPATIBILITY_VERSION = 1;
				DYLIB_CURRENT_VERSION = 1;
				DYLIB_INSTALL_NAME_BASE = "@rpath";
				GENERATE_INFOPLIST_FILE = YES;
				INFOPLIST_KEY_NSHumanReadableCopyright = "";
				INSTALL_PATH = "$(LOCAL_LIBRARY_DIR)/Frameworks";
				LD_RUNPATH_SEARCH_PATHS = (
					"$(inherited)",
					"@executable_path/Frameworks",
					"@loader_path/Frameworks",
				);
				MARKETING_VERSION = 1.0.0;
				PRODUCT_BUNDLE_IDENTIFIER = "dmytriigolovanov.http-cookie-sync";
				PRODUCT_NAME = "$(TARGET_NAME:c99extidentifier)";
				SKIP_INSTALL = YES;
				SUPPORTS_MACCATALYST = NO;
				SWIFT_EMIT_LOC_STRINGS = YES;
				SWIFT_OPTIMIZATION_LEVEL = "-Onone";
				SWIFT_VERSION = 5.0;
				TARGETED_DEVICE_FAMILY = "1,2";
			};
			name = Debug;
		};
		B4ED25A12853A6B000B6B7A4 /* Release */ = {
			isa = XCBuildConfiguration;
			buildSettings = {
				CLANG_ENABLE_MODULES = YES;
				CODE_SIGN_STYLE = Automatic;
				CURRENT_PROJECT_VERSION = 1;
				DEFINES_MODULE = YES;
				DYLIB_COMPATIBILITY_VERSION = 1;
				DYLIB_CURRENT_VERSION = 1;
				DYLIB_INSTALL_NAME_BASE = "@rpath";
				GENERATE_INFOPLIST_FILE = YES;
				INFOPLIST_KEY_NSHumanReadableCopyright = "";
				INSTALL_PATH = "$(LOCAL_LIBRARY_DIR)/Frameworks";
				LD_RUNPATH_SEARCH_PATHS = (
					"$(inherited)",
					"@executable_path/Frameworks",
					"@loader_path/Frameworks",
				);
				MARKETING_VERSION = 1.0.0;
				PRODUCT_BUNDLE_IDENTIFIER = "dmytriigolovanov.http-cookie-sync";
				PRODUCT_NAME = "$(TARGET_NAME:c99extidentifier)";
				SKIP_INSTALL = YES;
				SUPPORTS_MACCATALYST = NO;
				SWIFT_EMIT_LOC_STRINGS = YES;
				SWIFT_VERSION = 5.0;
				TARGETED_DEVICE_FAMILY = "1,2";
			};
			name = Release;
		};
/* End XCBuildConfiguration section */

/* Begin XCConfigurationList section */
		B4ED25852853A6B000B6B7A4 /* Build configuration list for PBXProject "HTTPCookieSync" */ = {
			isa = XCConfigurationList;
			buildConfigurations = (
				B4ED259D2853A6B000B6B7A4 /* Debug */,
				B4ED259E2853A6B000B6B7A4 /* Release */,
			);
			defaultConfigurationIsVisible = 0;
			defaultConfigurationName = Release;
		};
		B4ED259F2853A6B000B6B7A4 /* Build configuration list for PBXNativeTarget "HTTPCookieSync" */ = {
			isa = XCConfigurationList;
			buildConfigurations = (
				B4ED25A02853A6B000B6B7A4 /* Debug */,
				B4ED25A12853A6B000B6B7A4 /* Release */,
			);
			defaultConfigurationIsVisible = 0;
			defaultConfigurationName = Release;
		};
/* End XCConfigurationList section */
	};
	rootObject = B4ED25822853A6B000B6B7A4 /* Project object */;
}
